Microsoft Visual Studio Solution File, Format Version 12.00
# Visual Studio Version 17
VisualStudioVersion = 17.0.31903.59
MinimumVisualStudioVersion = 10.0.40219.1
Project("{FAE04EC0-301F-11D3-BF4B-00C04F79EFBC}") = "CleanFrame.Video2.Core", "src\CleanFrame.Video2.Core\CleanFrame.Video2.Core.csproj", "{4D8864F0-C81C-4E8F-BB77-28CE2217B14F}"
EndProject
Project("{FAE04EC0-301F-11D3-BF4B-00C04F79EFBC}") = "CleanFrame.Video2.Engine", "src\CleanFrame.Video2.Engine\CleanFrame.Video2.Engine.csproj", "{B7C21910-246A-42B4-8CC9-54C1DBE78684}"
EndProject
Project("{FAE04EC0-301F-11D3-BF4B-00C04F79EFBC}") = "CleanFrame.Video2.Worker", "src\CleanFrame.Video2.Worker\CleanFrame.Video2.Worker.csproj", "{0AFB7E8E-688B-4D39-BF55-4D0ACBBDEB9A}"
EndProject
Project("{FAE04EC0-301F-11D3-BF4B-00C04F79EFBC}") = "CleanFrame.Video2.App", "src\CleanFrame.Video2.App\CleanFrame.Video2.App.csproj", "{B440495B-6200-40A9-95F1-6726E2F51810}"
EndProject
Project("{FAE04EC0-301F-11D3-BF4B-00C04F79EFBC}") = "CleanFrame.Video2.Tests", "tests\CleanFrame.Video2.Tests\CleanFrame.Video2.Tests.csproj", "{22AC1BA9-FAE7-49B2-88E2-B6FD04280704}"
EndProject
Global
  GlobalSection(SolutionConfigurationPlatforms) = preSolution
    Debug|x64 = Debug|x64
    Release|x64 = Release|x64
  EndGlobalSection
  GlobalSection(ProjectConfigurationPlatforms) = postSolution
    {4D8864F0-C81C-4E8F-BB77-28CE2217B14F}.Debug|x64.ActiveCfg = Debug|Any CPU
    {4D8864F0-C81C-4E8F-BB77-28CE2217B14F}.Debug|x64.Build.0 = Debug|Any CPU
    {4D8864F0-C81C-4E8F-BB77-28CE2217B14F}.Release|x64.ActiveCfg = Release|Any CPU
    {4D8864F0-C81C-4E8F-BB77-28CE2217B14F}.Release|x64.Build.0 = Release|Any CPU
    {B7C21910-246A-42B4-8CC9-54C1DBE78684}.Debug|x64.ActiveCfg = Debug|Any CPU
    {B7C21910-246A-42B4-8CC9-54C1DBE78684}.Debug|x64.Build.0 = Debug|Any CPU
    {B7C21910-246A-42B4-8CC9-54C1DBE78684}.Release|x64.ActiveCfg = Release|Any CPU
    {B7C21910-246A-42B4-8CC9-54C1DBE78684}.Release|x64.Build.0 = Release|Any CPU
    {0AFB7E8E-688B-4D39-BF55-4D0ACBBDEB9A}.Debug|x64.ActiveCfg = Debug|x64
    {0AFB7E8E-688B-4D39-BF55-4D0ACBBDEB9A}.Debug|x64.Build.0 = Debug|x64
    {0AFB7E8E-688B-4D39-BF55-4D0ACBBDEB9A}.Release|x64.ActiveCfg = Release|x64
    {0AFB7E8E-688B-4D39-BF55-4D0ACBBDEB9A}.Release|x64.Build.0 = Release|x64
    {B440495B-6200-40A9-95F1-6726E2F51810}.Debug|x64.ActiveCfg = Debug|x64
    {B440495B-6200-40A9-95F1-6726E2F51810}.Debug|x64.Build.0 = Debug|x64
    {B440495B-6200-40A9-95F1-6726E2F51810}.Release|x64.ActiveCfg = Release|x64
    {B440495B-6200-40A9-95F1-6726E2F51810}.Release|x64.Build.0 = Release|x64
    {22AC1BA9-FAE7-49B2-88E2-B6FD04280704}.Debug|x64.ActiveCfg = Debug|Any CPU
    {22AC1BA9-FAE7-49B2-88E2-B6FD04280704}.Debug|x64.Build.0 = Debug|Any CPU
    {22AC1BA9-FAE7-49B2-88E2-B6FD04280704}.Release|x64.ActiveCfg = Release|Any CPU
    {22AC1BA9-FAE7-49B2-88E2-B6FD04280704}.Release|x64.Build.0 = Release|Any CPU
  EndGlobalSection
EndGlobal
