Microsoft Visual Studio Solution File, Format Version 12.00
# Visual Studio Version 17
VisualStudioVersion = 17.0.31903.59
MinimumVisualStudioVersion = 10.0.40219.1
Project("{FAE04EC0-301F-11D3-BF4B-00C04F79EFBC}") = "Erasa.Video.Core", "src\Erasa.Video.Core\Erasa.Video.Core.csproj", "{760DAA31-BB44-4AF9-967C-6C620A0BA111}"
EndProject
Project("{FAE04EC0-301F-11D3-BF4B-00C04F79EFBC}") = "Erasa.Video.App", "src\Erasa.Video.App\Erasa.Video.App.csproj", "{A12CA25D-1F98-441B-9B45-F27A3156E222}"
EndProject
Project("{FAE04EC0-301F-11D3-BF4B-00C04F79EFBC}") = "Erasa.Video.Tests", "tests\Erasa.Video.Tests\Erasa.Video.Tests.csproj", "{D2B061DB-A89C-4144-AF38-90D419FD3333}"
EndProject
Global
  GlobalSection(SolutionConfigurationPlatforms) = preSolution
    Debug|Any CPU = Debug|Any CPU
    Release|Any CPU = Release|Any CPU
  EndGlobalSection
  GlobalSection(ProjectConfigurationPlatforms) = postSolution
    {760DAA31-BB44-4AF9-967C-6C620A0BA111}.Debug|Any CPU.ActiveCfg = Debug|Any CPU
    {760DAA31-BB44-4AF9-967C-6C620A0BA111}.Debug|Any CPU.Build.0 = Debug|Any CPU
    {760DAA31-BB44-4AF9-967C-6C620A0BA111}.Release|Any CPU.ActiveCfg = Release|Any CPU
    {760DAA31-BB44-4AF9-967C-6C620A0BA111}.Release|Any CPU.Build.0 = Release|Any CPU
    {A12CA25D-1F98-441B-9B45-F27A3156E222}.Debug|Any CPU.ActiveCfg = Debug|Any CPU
    {A12CA25D-1F98-441B-9B45-F27A3156E222}.Debug|Any CPU.Build.0 = Debug|Any CPU
    {A12CA25D-1F98-441B-9B45-F27A3156E222}.Release|Any CPU.ActiveCfg = Release|Any CPU
    {A12CA25D-1F98-441B-9B45-F27A3156E222}.Release|Any CPU.Build.0 = Release|Any CPU
    {D2B061DB-A89C-4144-AF38-90D419FD3333}.Debug|Any CPU.ActiveCfg = Debug|Any CPU
    {D2B061DB-A89C-4144-AF38-90D419FD3333}.Debug|Any CPU.Build.0 = Debug|Any CPU
    {D2B061DB-A89C-4144-AF38-90D419FD3333}.Release|Any CPU.ActiveCfg = Release|Any CPU
    {D2B061DB-A89C-4144-AF38-90D419FD3333}.Release|Any CPU.Build.0 = Release|Any CPU
  EndGlobalSection
EndGlobal
